<?xml version="1.0" encoding="UTF-8" standalone="yes" ?>
<CodeBlocks_project_file>
   <FileVersion major="1" minor="6" />
   <Project>
      <Option title="Hardware" />
      <Option makefile_is_custom="1" />
      <Option compiler="gcc" />
      <Option virtualFolders="CMake Files\;" />
      <Build>
      <Target title="all">
         <Option working_dir="/home/peer23peer/VSA/VisionSoilAnalyzer/src/VisionSoilAnalyzer/Hardware/Hardware_build" />
         <Option type="4" />
         <MakeCommands>
            <Build command="/usr/bin/make -f &quot;/home/peer23peer/VSA/VisionSoilAnalyzer/src/VisionSoilAnalyzer/Hardware/Hardware_build/Makefile&quot;  VERBOSE=1 all" />
            <CompileFile command="/usr/bin/make -f &quot;/home/peer23peer/VSA/VisionSoilAnalyzer/src/VisionSoilAnalyzer/Hardware/Hardware_build/Makefile&quot;  VERBOSE=1 &quot;$file&quot;" />
            <Clean command="/usr/bin/make -f &quot;/home/peer23peer/VSA/VisionSoilAnalyzer/src/VisionSoilAnalyzer/Hardware/Hardware_build/Makefile&quot;  VERBOSE=1 clean" />
            <DistClean command="/usr/bin/make -f &quot;/home/peer23peer/VSA/VisionSoilAnalyzer/src/VisionSoilAnalyzer/Hardware/Hardware_build/Makefile&quot;  VERBOSE=1 clean" />
         </MakeCommands>
      </Target>
      <Target title="Hardware">
         <Option output="/home/peer23peer/VSA/VisionSoilAnalyzer/src/VisionSoilAnalyzer/Hardware/Hardware_build/libHardware.a" prefix_auto="0" extension_auto="0" />
         <Option working_dir="/home/peer23peer/VSA/VisionSoilAnalyzer/src/VisionSoilAnalyzer/Hardware/Hardware_build" />
         <Option object_output="./" />
         <Option type="2" />
         <Option compiler="gcc" />
         <Compiler>
            <Add directory="/usr/include" />
            <Add directory="/usr/include/c++/4.8" />
            <Add directory="/usr/include/c++/4.8/backward" />
            <Add directory="/usr/include/x86_64-linux-gnu" />
            <Add directory="/usr/include/x86_64-linux-gnu/c++/4.8" />
            <Add directory="/usr/lib/gcc/x86_64-linux-gnu/4.8/include" />
            <Add directory="/usr/lib/gcc/x86_64-linux-gnu/4.8/include-fixed" />
            <Add directory="/usr/local/include" />
            <Add directory="/usr/local/include/opencv" />
         </Compiler>
         <MakeCommands>
            <Build command="/usr/bin/make -f &quot;/home/peer23peer/VSA/VisionSoilAnalyzer/src/VisionSoilAnalyzer/Hardware/Hardware_build/Makefile&quot;  VERBOSE=1 Hardware" />
            <CompileFile command="/usr/bin/make -f &quot;/home/peer23peer/VSA/VisionSoilAnalyzer/src/VisionSoilAnalyzer/Hardware/Hardware_build/Makefile&quot;  VERBOSE=1 &quot;$file&quot;" />
            <Clean command="/usr/bin/make -f &quot;/home/peer23peer/VSA/VisionSoilAnalyzer/src/VisionSoilAnalyzer/Hardware/Hardware_build/Makefile&quot;  VERBOSE=1 clean" />
            <DistClean command="/usr/bin/make -f &quot;/home/peer23peer/VSA/VisionSoilAnalyzer/src/VisionSoilAnalyzer/Hardware/Hardware_build/Makefile&quot;  VERBOSE=1 clean" />
         </MakeCommands>
      </Target>
      <Target title="Hardware/fast">
         <Option output="/home/peer23peer/VSA/VisionSoilAnalyzer/src/VisionSoilAnalyzer/Hardware/Hardware_build/libHardware.a" prefix_auto="0" extension_auto="0" />
         <Option working_dir="/home/peer23peer/VSA/VisionSoilAnalyzer/src/VisionSoilAnalyzer/Hardware/Hardware_build" />
         <Option object_output="./" />
         <Option type="2" />
         <Option compiler="gcc" />
         <Compiler>
            <Add directory="/usr/include" />
            <Add directory="/usr/include/c++/4.8" />
            <Add directory="/usr/include/c++/4.8/backward" />
            <Add directory="/usr/include/x86_64-linux-gnu" />
            <Add directory="/usr/include/x86_64-linux-gnu/c++/4.8" />
            <Add directory="/usr/lib/gcc/x86_64-linux-gnu/4.8/include" />
            <Add directory="/usr/lib/gcc/x86_64-linux-gnu/4.8/include-fixed" />
            <Add directory="/usr/local/include" />
            <Add directory="/usr/local/include/opencv" />
         </Compiler>
         <MakeCommands>
            <Build command="/usr/bin/make -f &quot;/home/peer23peer/VSA/VisionSoilAnalyzer/src/VisionSoilAnalyzer/Hardware/Hardware_build/Makefile&quot;  VERBOSE=1 Hardware/fast" />
            <CompileFile command="/usr/bin/make -f &quot;/home/peer23peer/VSA/VisionSoilAnalyzer/src/VisionSoilAnalyzer/Hardware/Hardware_build/Makefile&quot;  VERBOSE=1 &quot;$file&quot;" />
            <Clean command="/usr/bin/make -f &quot;/home/peer23peer/VSA/VisionSoilAnalyzer/src/VisionSoilAnalyzer/Hardware/Hardware_build/Makefile&quot;  VERBOSE=1 clean" />
            <DistClean command="/usr/bin/make -f &quot;/home/peer23peer/VSA/VisionSoilAnalyzer/src/VisionSoilAnalyzer/Hardware/Hardware_build/Makefile&quot;  VERBOSE=1 clean" />
         </MakeCommands>
      </Target>
      <Target title="rebuild_cache">
         <Option working_dir="/home/peer23peer/VSA/VisionSoilAnalyzer/src/VisionSoilAnalyzer/Hardware/Hardware_build" />
         <Option type="4" />
         <MakeCommands>
            <Build command="/usr/bin/make -f &quot;/home/peer23peer/VSA/VisionSoilAnalyzer/src/VisionSoilAnalyzer/Hardware/Hardware_build/Makefile&quot;  VERBOSE=1 rebuild_cache" />
            <CompileFile command="/usr/bin/make -f &quot;/home/peer23peer/VSA/VisionSoilAnalyzer/src/VisionSoilAnalyzer/Hardware/Hardware_build/Makefile&quot;  VERBOSE=1 &quot;$file&quot;" />
            <Clean command="/usr/bin/make -f &quot;/home/peer23peer/VSA/VisionSoilAnalyzer/src/VisionSoilAnalyzer/Hardware/Hardware_build/Makefile&quot;  VERBOSE=1 clean" />
            <DistClean command="/usr/bin/make -f &quot;/home/peer23peer/VSA/VisionSoilAnalyzer/src/VisionSoilAnalyzer/Hardware/Hardware_build/Makefile&quot;  VERBOSE=1 clean" />
         </MakeCommands>
      </Target>
      </Build>
      <Unit filename="/home/peer23peer/VSA/VisionSoilAnalyzer/src/VisionSoilAnalyzer/Hardware/ADC.cpp">
      </Unit>
      <Unit filename="/home/peer23peer/VSA/VisionSoilAnalyzer/src/VisionSoilAnalyzer/Hardware/BBB.cpp">
      </Unit>
      <Unit filename="/home/peer23peer/VSA/VisionSoilAnalyzer/src/VisionSoilAnalyzer/Hardware/EC12P.cpp">
      </Unit>
      <Unit filename="/home/peer23peer/VSA/VisionSoilAnalyzer/src/VisionSoilAnalyzer/Hardware/GPIO.cpp">
      </Unit>
      <Unit filename="/home/peer23peer/VSA/VisionSoilAnalyzer/src/VisionSoilAnalyzer/Hardware/Microscope.cpp">
      </Unit>
      <Unit filename="/home/peer23peer/VSA/VisionSoilAnalyzer/src/VisionSoilAnalyzer/Hardware/PWM.cpp">
      </Unit>
      <Unit filename="/home/peer23peer/VSA/VisionSoilAnalyzer/src/VisionSoilAnalyzer/Hardware/SoilCape.cpp">
      </Unit>
      <Unit filename="/home/peer23peer/VSA/VisionSoilAnalyzer/src/VisionSoilAnalyzer/Hardware/USB.cpp">
      </Unit>
      <Unit filename="/home/peer23peer/VSA/VisionSoilAnalyzer/src/VisionSoilAnalyzer/Hardware/eqep.cpp">
      </Unit>
      <Unit filename="/home/peer23peer/VSA/VisionSoilAnalyzer/src/VisionSoilAnalyzer/Hardware/ADC.h">
      </Unit>
      <Unit filename="/home/peer23peer/VSA/VisionSoilAnalyzer/src/VisionSoilAnalyzer/Hardware/BBB.h">
      </Unit>
      <Unit filename="/home/peer23peer/VSA/VisionSoilAnalyzer/src/VisionSoilAnalyzer/Hardware/EC12P.h">
      </Unit>
      <Unit filename="/home/peer23peer/VSA/VisionSoilAnalyzer/src/VisionSoilAnalyzer/Hardware/GPIO.h">
      </Unit>
      <Unit filename="/home/peer23peer/VSA/VisionSoilAnalyzer/src/VisionSoilAnalyzer/Hardware/Microscope.h">
      </Unit>
      <Unit filename="/home/peer23peer/VSA/VisionSoilAnalyzer/src/VisionSoilAnalyzer/Hardware/PWM.h">
      </Unit>
      <Unit filename="/home/peer23peer/VSA/VisionSoilAnalyzer/src/VisionSoilAnalyzer/Hardware/SoilCape.h">
      </Unit>
      <Unit filename="/home/peer23peer/VSA/VisionSoilAnalyzer/src/VisionSoilAnalyzer/Hardware/USB.h">
      </Unit>
      <Unit filename="/home/peer23peer/VSA/VisionSoilAnalyzer/src/VisionSoilAnalyzer/Hardware/eqep.h">
      </Unit>
      <Unit filename="/home/peer23peer/VSA/VisionSoilAnalyzer/src/VisionSoilAnalyzer/Hardware/CMakeLists.txt">
          <Option virtualFolder="CMake Files\" />
      </Unit>
   </Project>
</CodeBlocks_project_file>
