<?xml version="1.0" encoding="UTF-8" standalone="yes" ?>
<CodeBlocks_project_file>
   <FileVersion major="1" minor="6" />
   <Project>
      <Option title="SoilPlot" />
      <Option makefile_is_custom="1" />
      <Option compiler="gcc" />
      <Option virtualFolders="CMake Files\;" />
      <Build>
      <Target title="all">
         <Option working_dir="/home/peer23peer/VSA/VisionSoilAnalyzer/src/VisionSoilAnalyzer/SoilPlot/SoilPlot_build" />
         <Option type="4" />
         <MakeCommands>
            <Build command="/usr/bin/make -f &quot;/home/peer23peer/VSA/VisionSoilAnalyzer/src/VisionSoilAnalyzer/SoilPlot/SoilPlot_build/Makefile&quot;  VERBOSE=1 all" />
            <CompileFile command="/usr/bin/make -f &quot;/home/peer23peer/VSA/VisionSoilAnalyzer/src/VisionSoilAnalyzer/SoilPlot/SoilPlot_build/Makefile&quot;  VERBOSE=1 &quot;$file&quot;" />
            <Clean command="/usr/bin/make -f &quot;/home/peer23peer/VSA/VisionSoilAnalyzer/src/VisionSoilAnalyzer/SoilPlot/SoilPlot_build/Makefile&quot;  VERBOSE=1 clean" />
            <DistClean command="/usr/bin/make -f &quot;/home/peer23peer/VSA/VisionSoilAnalyzer/src/VisionSoilAnalyzer/SoilPlot/SoilPlot_build/Makefile&quot;  VERBOSE=1 clean" />
         </MakeCommands>
      </Target>
      <Target title="SoilPlot">
         <Option output="/home/peer23peer/VSA/VisionSoilAnalyzer/src/VisionSoilAnalyzer/SoilPlot/SoilPlot_build/libSoilPlot.so" prefix_auto="0" extension_auto="0" />
         <Option working_dir="/home/peer23peer/VSA/VisionSoilAnalyzer/src/VisionSoilAnalyzer/SoilPlot/SoilPlot_build" />
         <Option object_output="./" />
         <Option type="3" />
         <Option compiler="gcc" />
         <Compiler>
            <Add directory="/usr/include" />
            <Add directory="/usr/include/c++/4.8" />
            <Add directory="/usr/include/c++/4.8/backward" />
            <Add directory="/usr/include/cairo" />
            <Add directory="/usr/include/x86_64-linux-gnu" />
            <Add directory="/usr/include/x86_64-linux-gnu/c++/4.8" />
            <Add directory="/usr/lib/gcc/x86_64-linux-gnu/4.8/include" />
            <Add directory="/usr/lib/gcc/x86_64-linux-gnu/4.8/include-fixed" />
            <Add directory="/usr/local/include" />
            <Add directory="/usr/local/include/opencv" />
         </Compiler>
         <MakeCommands>
            <Build command="/usr/bin/make -f &quot;/home/peer23peer/VSA/VisionSoilAnalyzer/src/VisionSoilAnalyzer/SoilPlot/SoilPlot_build/Makefile&quot;  VERBOSE=1 SoilPlot" />
            <CompileFile command="/usr/bin/make -f &quot;/home/peer23peer/VSA/VisionSoilAnalyzer/src/VisionSoilAnalyzer/SoilPlot/SoilPlot_build/Makefile&quot;  VERBOSE=1 &quot;$file&quot;" />
            <Clean command="/usr/bin/make -f &quot;/home/peer23peer/VSA/VisionSoilAnalyzer/src/VisionSoilAnalyzer/SoilPlot/SoilPlot_build/Makefile&quot;  VERBOSE=1 clean" />
            <DistClean command="/usr/bin/make -f &quot;/home/peer23peer/VSA/VisionSoilAnalyzer/src/VisionSoilAnalyzer/SoilPlot/SoilPlot_build/Makefile&quot;  VERBOSE=1 clean" />
         </MakeCommands>
      </Target>
      <Target title="SoilPlot/fast">
         <Option output="/home/peer23peer/VSA/VisionSoilAnalyzer/src/VisionSoilAnalyzer/SoilPlot/SoilPlot_build/libSoilPlot.so" prefix_auto="0" extension_auto="0" />
         <Option working_dir="/home/peer23peer/VSA/VisionSoilAnalyzer/src/VisionSoilAnalyzer/SoilPlot/SoilPlot_build" />
         <Option object_output="./" />
         <Option type="3" />
         <Option compiler="gcc" />
         <Compiler>
            <Add directory="/usr/include" />
            <Add directory="/usr/include/c++/4.8" />
            <Add directory="/usr/include/c++/4.8/backward" />
            <Add directory="/usr/include/cairo" />
            <Add directory="/usr/include/x86_64-linux-gnu" />
            <Add directory="/usr/include/x86_64-linux-gnu/c++/4.8" />
            <Add directory="/usr/lib/gcc/x86_64-linux-gnu/4.8/include" />
            <Add directory="/usr/lib/gcc/x86_64-linux-gnu/4.8/include-fixed" />
            <Add directory="/usr/local/include" />
            <Add directory="/usr/local/include/opencv" />
         </Compiler>
         <MakeCommands>
            <Build command="/usr/bin/make -f &quot;/home/peer23peer/VSA/VisionSoilAnalyzer/src/VisionSoilAnalyzer/SoilPlot/SoilPlot_build/Makefile&quot;  VERBOSE=1 SoilPlot/fast" />
            <CompileFile command="/usr/bin/make -f &quot;/home/peer23peer/VSA/VisionSoilAnalyzer/src/VisionSoilAnalyzer/SoilPlot/SoilPlot_build/Makefile&quot;  VERBOSE=1 &quot;$file&quot;" />
            <Clean command="/usr/bin/make -f &quot;/home/peer23peer/VSA/VisionSoilAnalyzer/src/VisionSoilAnalyzer/SoilPlot/SoilPlot_build/Makefile&quot;  VERBOSE=1 clean" />
            <DistClean command="/usr/bin/make -f &quot;/home/peer23peer/VSA/VisionSoilAnalyzer/src/VisionSoilAnalyzer/SoilPlot/SoilPlot_build/Makefile&quot;  VERBOSE=1 clean" />
         </MakeCommands>
      </Target>
      <Target title="rebuild_cache">
         <Option working_dir="/home/peer23peer/VSA/VisionSoilAnalyzer/src/VisionSoilAnalyzer/SoilPlot/SoilPlot_build" />
         <Option type="4" />
         <MakeCommands>
            <Build command="/usr/bin/make -f &quot;/home/peer23peer/VSA/VisionSoilAnalyzer/src/VisionSoilAnalyzer/SoilPlot/SoilPlot_build/Makefile&quot;  VERBOSE=1 rebuild_cache" />
            <CompileFile command="/usr/bin/make -f &quot;/home/peer23peer/VSA/VisionSoilAnalyzer/src/VisionSoilAnalyzer/SoilPlot/SoilPlot_build/Makefile&quot;  VERBOSE=1 &quot;$file&quot;" />
            <Clean command="/usr/bin/make -f &quot;/home/peer23peer/VSA/VisionSoilAnalyzer/src/VisionSoilAnalyzer/SoilPlot/SoilPlot_build/Makefile&quot;  VERBOSE=1 clean" />
            <DistClean command="/usr/bin/make -f &quot;/home/peer23peer/VSA/VisionSoilAnalyzer/src/VisionSoilAnalyzer/SoilPlot/SoilPlot_build/Makefile&quot;  VERBOSE=1 clean" />
         </MakeCommands>
      </Target>
      </Build>
      <Unit filename="/home/peer23peer/VSA/VisionSoilAnalyzer/src/VisionSoilAnalyzer/SoilPlot/Axis.cpp">
      </Unit>
      <Unit filename="/home/peer23peer/VSA/VisionSoilAnalyzer/src/VisionSoilAnalyzer/SoilPlot/Background.cpp">
      </Unit>
      <Unit filename="/home/peer23peer/VSA/VisionSoilAnalyzer/src/VisionSoilAnalyzer/SoilPlot/DrawFigure.cpp">
      </Unit>
      <Unit filename="/home/peer23peer/VSA/VisionSoilAnalyzer/src/VisionSoilAnalyzer/SoilPlot/Environment.cpp">
      </Unit>
      <Unit filename="/home/peer23peer/VSA/VisionSoilAnalyzer/src/VisionSoilAnalyzer/SoilPlot/Graph.cpp">
      </Unit>
      <Unit filename="/home/peer23peer/VSA/VisionSoilAnalyzer/src/VisionSoilAnalyzer/SoilPlot/Grid.cpp">
      </Unit>
      <Unit filename="/home/peer23peer/VSA/VisionSoilAnalyzer/src/VisionSoilAnalyzer/SoilPlot/Label.cpp">
      </Unit>
      <Unit filename="/home/peer23peer/VSA/VisionSoilAnalyzer/src/VisionSoilAnalyzer/SoilPlot/Line.cpp">
      </Unit>
      <Unit filename="/home/peer23peer/VSA/VisionSoilAnalyzer/src/VisionSoilAnalyzer/SoilPlot/Axis.h">
      </Unit>
      <Unit filename="/home/peer23peer/VSA/VisionSoilAnalyzer/src/VisionSoilAnalyzer/SoilPlot/Background.h">
      </Unit>
      <Unit filename="/home/peer23peer/VSA/VisionSoilAnalyzer/src/VisionSoilAnalyzer/SoilPlot/DrawFigure.h">
      </Unit>
      <Unit filename="/home/peer23peer/VSA/VisionSoilAnalyzer/src/VisionSoilAnalyzer/SoilPlot/Environment.h">
      </Unit>
      <Unit filename="/home/peer23peer/VSA/VisionSoilAnalyzer/src/VisionSoilAnalyzer/SoilPlot/Graph.h">
      </Unit>
      <Unit filename="/home/peer23peer/VSA/VisionSoilAnalyzer/src/VisionSoilAnalyzer/SoilPlot/Grid.h">
      </Unit>
      <Unit filename="/home/peer23peer/VSA/VisionSoilAnalyzer/src/VisionSoilAnalyzer/SoilPlot/Label.h">
      </Unit>
      <Unit filename="/home/peer23peer/VSA/VisionSoilAnalyzer/src/VisionSoilAnalyzer/SoilPlot/Line.h">
      </Unit>
      <Unit filename="/home/peer23peer/VSA/VisionSoilAnalyzer/src/VisionSoilAnalyzer/SoilPlot/CMakeLists.txt">
          <Option virtualFolder="CMake Files\" />
      </Unit>
   </Project>
</CodeBlocks_project_file>
