
Microsoft Visual Studio Solution File, Format Version 12.00
# Visual Studio 2013
VisualStudioVersion = 12.0.31101.0
MinimumVisualStudioVersion = 10.0.40219.1
Project("{8BC9CEB8-8B4A-11D0-8D11-00A0C91BC942}") = "Test_SoilMath", "Test_SoilMath\Test_SoilMath.vcxproj", "{2425E98C-4FF2-4C6C-87D3-4333DF00A833}"
	ProjectSection(ProjectDependencies) = postProject
		{67EFE1EA-DD56-4EFC-863E-F9637393F160} = {67EFE1EA-DD56-4EFC-863E-F9637393F160}
	EndProjectSection
EndProject
Project("{8BC9CEB8-8B4A-11D0-8D11-00A0C91BC942}") = "SoilMath", "..\src\VisionSoilAnalyzer\SoilMath\SoilMath.vcxproj", "{67EFE1EA-DD56-4EFC-863E-F9637393F160}"
EndProject
Project("{8BC9CEB8-8B4A-11D0-8D11-00A0C91BC942}") = "Vision", "..\src\VisionSoilAnalyzer\Vision\Vision.vcxproj", "{BA62F399-AD92-4B6B-99EC-DDC785FF70BD}"
EndProject
Project("{8BC9CEB8-8B4A-11D0-8D11-00A0C91BC942}") = "Test_Vision", "Test_Vision\Test_Vision.vcxproj", "{FBA6AC19-9A44-410A-8D5C-C36EC4DF7C8F}"
	ProjectSection(ProjectDependencies) = postProject
		{BA62F399-AD92-4B6B-99EC-DDC785FF70BD} = {BA62F399-AD92-4B6B-99EC-DDC785FF70BD}
	EndProjectSection
EndProject
Global
	GlobalSection(SolutionConfigurationPlatforms) = preSolution
		Debug|Win32 = Debug|Win32
		Release|Win32 = Release|Win32
	EndGlobalSection
	GlobalSection(ProjectConfigurationPlatforms) = postSolution
		{2425E98C-4FF2-4C6C-87D3-4333DF00A833}.Debug|Win32.ActiveCfg = Debug|Win32
		{2425E98C-4FF2-4C6C-87D3-4333DF00A833}.Debug|Win32.Build.0 = Debug|Win32
		{2425E98C-4FF2-4C6C-87D3-4333DF00A833}.Release|Win32.ActiveCfg = Release|Win32
		{2425E98C-4FF2-4C6C-87D3-4333DF00A833}.Release|Win32.Build.0 = Release|Win32
		{67EFE1EA-DD56-4EFC-863E-F9637393F160}.Debug|Win32.ActiveCfg = Debug|Win32
		{67EFE1EA-DD56-4EFC-863E-F9637393F160}.Debug|Win32.Build.0 = Debug|Win32
		{67EFE1EA-DD56-4EFC-863E-F9637393F160}.Release|Win32.ActiveCfg = Release|Win32
		{67EFE1EA-DD56-4EFC-863E-F9637393F160}.Release|Win32.Build.0 = Release|Win32
		{BA62F399-AD92-4B6B-99EC-DDC785FF70BD}.Debug|Win32.ActiveCfg = Debug|Win32
		{BA62F399-AD92-4B6B-99EC-DDC785FF70BD}.Debug|Win32.Build.0 = Debug|Win32
		{BA62F399-AD92-4B6B-99EC-DDC785FF70BD}.Release|Win32.ActiveCfg = Release|Win32
		{BA62F399-AD92-4B6B-99EC-DDC785FF70BD}.Release|Win32.Build.0 = Release|Win32
		{FBA6AC19-9A44-410A-8D5C-C36EC4DF7C8F}.Debug|Win32.ActiveCfg = Debug|Win32
		{FBA6AC19-9A44-410A-8D5C-C36EC4DF7C8F}.Debug|Win32.Build.0 = Debug|Win32
		{FBA6AC19-9A44-410A-8D5C-C36EC4DF7C8F}.Release|Win32.ActiveCfg = Release|Win32
		{FBA6AC19-9A44-410A-8D5C-C36EC4DF7C8F}.Release|Win32.Build.0 = Release|Win32
	EndGlobalSection
	GlobalSection(SolutionProperties) = preSolution
		HideSolutionNode = FALSE
	EndGlobalSection
EndGlobal
