<?xml version="1.0" encoding="utf-8"?>
<Project ToolsVersion="4.0" xmlns="http://schemas.microsoft.com/developer/msbuild/2003">
  <ItemGroup>
    <Filter Include="Source files">
      <UniqueIdentifier>{9e342883-a821-4eeb-a72f-cda7273f9fdc}</UniqueIdentifier>
      <Extensions>cpp;c;cc;cxx;def;odl;idl;hpj;bat;asm;asmx</Extensions>
    </Filter>
    <Filter Include="Header files">
      <UniqueIdentifier>{8984c6a8-7468-49bf-8509-14905c9efaaf}</UniqueIdentifier>
      <Extensions>h;hpp;hxx;hm;inl;inc;xsd</Extensions>
    </Filter>
    <Filter Include="Resource files">
      <UniqueIdentifier>{b7ce135b-a385-46f8-9aa2-9276ad00cf8a}</UniqueIdentifier>
      <Extensions>rc;ico;cur;bmp;dlg;rc2;rct;bin;rgs;gif;jpg;jpeg;jpe;resx;tiff;tif;png;wav</Extensions>
    </Filter>
  </ItemGroup>
  <ItemGroup>
    <ClCompile Include="VSA_UT.cpp">
      <Filter>Source files</Filter>
    </ClCompile>
  </ItemGroup>
  <ItemGroup>
    <Text Include="CMakeLists.txt">
      <Filter>Source files</Filter>
    </Text>
    <Text Include="Debug\VSA_UNIT_TESTS.log" />
    <Text Include="Debug\valgrind.log" />
  </ItemGroup>
  <ItemGroup>
    <ClInclude Include="FloatTestMatrix.h">
      <Filter>Header files</Filter>
    </ClInclude>
    <ClInclude Include="TestMatrix.h">
      <Filter>Header files</Filter>
    </ClInclude>
    <ClInclude Include="StatisticalComparisonDefinition.h">
      <Filter>Header files</Filter>
    </ClInclude>
  </ItemGroup>
  <ItemGroup>
    <None Include="toolchain-Debug.cmake">
      <Filter>Source files</Filter>
    </None>
  </ItemGroup>
</Project>