<?xml version="1.0" encoding="utf-8"?>
<Project ToolsVersion="4.0" xmlns="http://schemas.microsoft.com/developer/msbuild/2003">
  <ItemGroup>
    <Filter Include="Source files">
      <UniqueIdentifier>{42661f3b-d53e-4bc6-a07e-cfa11f8c8fa9}</UniqueIdentifier>
      <Extensions>cpp;c;cc;cxx;def;odl;idl;hpj;bat;asm;asmx</Extensions>
    </Filter>
    <Filter Include="Header files">
      <UniqueIdentifier>{f23cb4af-4ffa-48d1-b5c6-6e02395975c0}</UniqueIdentifier>
      <Extensions>h;hpp;hxx;hm;inl;inc;xsd</Extensions>
    </Filter>
    <Filter Include="Resource files">
      <UniqueIdentifier>{38558b28-1093-44b6-95b8-fd12cfcd4d5b}</UniqueIdentifier>
      <Extensions>rc;ico;cur;bmp;dlg;rc2;rct;bin;rgs;gif;jpg;jpeg;jpe;resx;tiff;tif;png;wav</Extensions>
    </Filter>
  </ItemGroup>
  <ItemGroup>
    <ClCompile Include="AnalysisResults.cpp">
      <Filter>Source files</Filter>
    </ClCompile>
    <ClCompile Include="Particle.cpp">
      <Filter>Source files</Filter>
    </ClCompile>
    <ClCompile Include="Sample.cpp">
      <Filter>Source files</Filter>
    </ClCompile>
    <ClCompile Include="Soil.cpp">
      <Filter>Source files</Filter>
    </ClCompile>
    <ClCompile Include="ShapeClassification.cpp">
      <Filter>Source files</Filter>
    </ClCompile>
    <ClCompile Include="SampleAnalysisResult.cpp">
      <Filter>Source files</Filter>
    </ClCompile>
    <ClCompile Include="ParticleAnalysisResults.cpp">
      <Filter>Source files</Filter>
    </ClCompile>
  </ItemGroup>
  <ItemGroup>
    <ClInclude Include="AnalyseType.h">
      <Filter>Header files</Filter>
    </ClInclude>
    <ClInclude Include="AnalysisException.h">
      <Filter>Header files</Filter>
    </ClInclude>
    <ClInclude Include="AnalysisResults.h">
      <Filter>Header files</Filter>
    </ClInclude>
    <ClInclude Include="Particle.h">
      <Filter>Header files</Filter>
    </ClInclude>
    <ClInclude Include="Sample.h">
      <Filter>Header files</Filter>
    </ClInclude>
    <ClInclude Include="Soil.h">
      <Filter>Header files</Filter>
    </ClInclude>
    <ClInclude Include="VisionSoil.h">
      <Filter>Header files</Filter>
    </ClInclude>
    <ClInclude Include="Mat_archive.h">
      <Filter>Header files</Filter>
    </ClInclude>
    <ClInclude Include="ShapeClassification.h">
      <Filter>Header files</Filter>
    </ClInclude>
    <ClInclude Include="SampleAnalysisResult.h">
      <Filter>Header files</Filter>
    </ClInclude>
    <ClInclude Include="ParticleAnalysisResults.h">
      <Filter>Header files</Filter>
    </ClInclude>
  </ItemGroup>
  <ItemGroup>
    <Text Include="CMakeLists.txt">
      <Filter>Source files</Filter>
    </Text>
  </ItemGroup>
  <ItemGroup>
    <None Include="toolchain-Debug.cmake">
      <Filter>Source files</Filter>
    </None>
    <None Include="ClassDiagram.cd" />
  </ItemGroup>
</Project>