<?xml version="1.0" encoding="utf-8"?>
<Project ToolsVersion="4.0" xmlns="http://schemas.microsoft.com/developer/msbuild/2003">
  <ItemGroup>
    <Filter Include="Source files">
      <UniqueIdentifier>{1006b482-a0a0-4c20-8308-9a9f3e9b4cd8}</UniqueIdentifier>
      <Extensions>cpp;c;cc;cxx;def;odl;idl;hpj;bat;asm;asmx</Extensions>
    </Filter>
    <Filter Include="Header files">
      <UniqueIdentifier>{7f50824a-6108-4af5-a314-52fd7bfc8ab3}</UniqueIdentifier>
      <Extensions>h;hpp;hxx;hm;inl;inc;xsd</Extensions>
    </Filter>
    <Filter Include="Resource files">
      <UniqueIdentifier>{79c1cacd-332c-419b-bee6-aece6b2e574b}</UniqueIdentifier>
      <Extensions>rc;ico;cur;bmp;dlg;rc2;rct;bin;rgs;gif;jpg;jpeg;jpe;resx;tiff;tif;png;wav</Extensions>
    </Filter>
  </ItemGroup>
  <ItemGroup>
    <Text Include="CMakeLists.txt">
      <Filter>Source files</Filter>
    </Text>
  </ItemGroup>
  <ItemGroup>
    <ClCompile Include="Conversion.cpp">
      <Filter>Source files</Filter>
    </ClCompile>
    <ClCompile Include="Enhance.cpp">
      <Filter>Source files</Filter>
    </ClCompile>
    <ClCompile Include="ImageProcessing.cpp">
      <Filter>Source files</Filter>
    </ClCompile>
    <ClCompile Include="Segment.cpp">
      <Filter>Source files</Filter>
    </ClCompile>
    <ClCompile Include="MorphologicalFilter.cpp">
      <Filter>Source files</Filter>
    </ClCompile>
  </ItemGroup>
  <ItemGroup>
    <ClInclude Include="Conversion.h">
      <Filter>Header files</Filter>
    </ClInclude>
    <ClInclude Include="ConversionNotSupportedException.h">
      <Filter>Header files</Filter>
    </ClInclude>
    <ClInclude Include="EmptyImageException.h">
      <Filter>Header files</Filter>
    </ClInclude>
    <ClInclude Include="Enhance.h">
      <Filter>Header files</Filter>
    </ClInclude>
    <ClInclude Include="ImageProcessing.h">
      <Filter>Header files</Filter>
    </ClInclude>
    <ClInclude Include="PixelValueOutOfBoundException.h">
      <Filter>Header files</Filter>
    </ClInclude>
    <ClInclude Include="Segment.h">
      <Filter>Header files</Filter>
    </ClInclude>
    <ClInclude Include="Vision.h">
      <Filter>Header files</Filter>
    </ClInclude>
    <ClInclude Include="WrongKernelSizeException.h">
      <Filter>Header files</Filter>
    </ClInclude>
    <ClInclude Include="MorphologicalFilter.h">
      <Filter>Header files</Filter>
    </ClInclude>
    <ClInclude Include="ChannelMismatchException.h">
      <Filter>Header files</Filter>
    </ClInclude>
    <ClInclude Include="VisionDebug.h">
      <Filter>Header files</Filter>
    </ClInclude>
  </ItemGroup>
  <ItemGroup>
    <None Include="toolchain-Debug.cmake">
      <Filter>Source files</Filter>
    </None>
  </ItemGroup>
</Project>