<?xml version="1.0" encoding="UTF-8" standalone="yes" ?>
<CodeBlocks_project_file>
   <FileVersion major="1" minor="6" />
   <Project>
      <Option title="Vision" />
      <Option makefile_is_custom="1" />
      <Option compiler="gcc" />
      <Option virtualFolders="CMake Files\;" />
      <Build>
      <Target title="all">
         <Option working_dir="/home/peer23peer/VSA/VisionSoilAnalyzer/src/VisionSoilAnalyzer/Vision" />
         <Option type="4" />
         <MakeCommands>
            <Build command="/usr/bin/make -f &quot;/home/peer23peer/VSA/VisionSoilAnalyzer/src/VisionSoilAnalyzer/Vision/Makefile&quot;  VERBOSE=1 all" />
            <CompileFile command="/usr/bin/make -f &quot;/home/peer23peer/VSA/VisionSoilAnalyzer/src/VisionSoilAnalyzer/Vision/Makefile&quot;  VERBOSE=1 &quot;$file&quot;" />
            <Clean command="/usr/bin/make -f &quot;/home/peer23peer/VSA/VisionSoilAnalyzer/src/VisionSoilAnalyzer/Vision/Makefile&quot;  VERBOSE=1 clean" />
            <DistClean command="/usr/bin/make -f &quot;/home/peer23peer/VSA/VisionSoilAnalyzer/src/VisionSoilAnalyzer/Vision/Makefile&quot;  VERBOSE=1 clean" />
         </MakeCommands>
      </Target>
      <Target title="Vision">
         <Option output="/home/peer23peer/VSA/VisionSoilAnalyzer/src/VisionSoilAnalyzer/Vision/libVision.so" prefix_auto="0" extension_auto="0" />
         <Option working_dir="/home/peer23peer/VSA/VisionSoilAnalyzer/src/VisionSoilAnalyzer/Vision" />
         <Option object_output="./" />
         <Option type="3" />
         <Option compiler="gcc" />
         <Compiler>
            <Add directory="/usr/include" />
            <Add directory="/usr/include/c++/4.8" />
            <Add directory="/usr/include/c++/4.8/backward" />
            <Add directory="/usr/include/x86_64-linux-gnu" />
            <Add directory="/usr/include/x86_64-linux-gnu/c++/4.8" />
            <Add directory="/usr/lib/gcc/x86_64-linux-gnu/4.8/include" />
            <Add directory="/usr/lib/gcc/x86_64-linux-gnu/4.8/include-fixed" />
            <Add directory="/usr/local/include" />
            <Add directory="/usr/local/include/opencv" />
         </Compiler>
         <MakeCommands>
            <Build command="/usr/bin/make -f &quot;/home/peer23peer/VSA/VisionSoilAnalyzer/src/VisionSoilAnalyzer/Vision/Makefile&quot;  VERBOSE=1 Vision" />
            <CompileFile command="/usr/bin/make -f &quot;/home/peer23peer/VSA/VisionSoilAnalyzer/src/VisionSoilAnalyzer/Vision/Makefile&quot;  VERBOSE=1 &quot;$file&quot;" />
            <Clean command="/usr/bin/make -f &quot;/home/peer23peer/VSA/VisionSoilAnalyzer/src/VisionSoilAnalyzer/Vision/Makefile&quot;  VERBOSE=1 clean" />
            <DistClean command="/usr/bin/make -f &quot;/home/peer23peer/VSA/VisionSoilAnalyzer/src/VisionSoilAnalyzer/Vision/Makefile&quot;  VERBOSE=1 clean" />
         </MakeCommands>
      </Target>
      <Target title="Vision/fast">
         <Option output="/home/peer23peer/VSA/VisionSoilAnalyzer/src/VisionSoilAnalyzer/Vision/libVision.so" prefix_auto="0" extension_auto="0" />
         <Option working_dir="/home/peer23peer/VSA/VisionSoilAnalyzer/src/VisionSoilAnalyzer/Vision" />
         <Option object_output="./" />
         <Option type="3" />
         <Option compiler="gcc" />
         <Compiler>
            <Add directory="/usr/include" />
            <Add directory="/usr/include/c++/4.8" />
            <Add directory="/usr/include/c++/4.8/backward" />
            <Add directory="/usr/include/x86_64-linux-gnu" />
            <Add directory="/usr/include/x86_64-linux-gnu/c++/4.8" />
            <Add directory="/usr/lib/gcc/x86_64-linux-gnu/4.8/include" />
            <Add directory="/usr/lib/gcc/x86_64-linux-gnu/4.8/include-fixed" />
            <Add directory="/usr/local/include" />
            <Add directory="/usr/local/include/opencv" />
         </Compiler>
         <MakeCommands>
            <Build command="/usr/bin/make -f &quot;/home/peer23peer/VSA/VisionSoilAnalyzer/src/VisionSoilAnalyzer/Vision/Makefile&quot;  VERBOSE=1 Vision/fast" />
            <CompileFile command="/usr/bin/make -f &quot;/home/peer23peer/VSA/VisionSoilAnalyzer/src/VisionSoilAnalyzer/Vision/Makefile&quot;  VERBOSE=1 &quot;$file&quot;" />
            <Clean command="/usr/bin/make -f &quot;/home/peer23peer/VSA/VisionSoilAnalyzer/src/VisionSoilAnalyzer/Vision/Makefile&quot;  VERBOSE=1 clean" />
            <DistClean command="/usr/bin/make -f &quot;/home/peer23peer/VSA/VisionSoilAnalyzer/src/VisionSoilAnalyzer/Vision/Makefile&quot;  VERBOSE=1 clean" />
         </MakeCommands>
      </Target>
      <Target title="rebuild_cache">
         <Option working_dir="/home/peer23peer/VSA/VisionSoilAnalyzer/src/VisionSoilAnalyzer/Vision" />
         <Option type="4" />
         <MakeCommands>
            <Build command="/usr/bin/make -f &quot;/home/peer23peer/VSA/VisionSoilAnalyzer/src/VisionSoilAnalyzer/Vision/Makefile&quot;  VERBOSE=1 rebuild_cache" />
            <CompileFile command="/usr/bin/make -f &quot;/home/peer23peer/VSA/VisionSoilAnalyzer/src/VisionSoilAnalyzer/Vision/Makefile&quot;  VERBOSE=1 &quot;$file&quot;" />
            <Clean command="/usr/bin/make -f &quot;/home/peer23peer/VSA/VisionSoilAnalyzer/src/VisionSoilAnalyzer/Vision/Makefile&quot;  VERBOSE=1 clean" />
            <DistClean command="/usr/bin/make -f &quot;/home/peer23peer/VSA/VisionSoilAnalyzer/src/VisionSoilAnalyzer/Vision/Makefile&quot;  VERBOSE=1 clean" />
         </MakeCommands>
      </Target>
      </Build>
      <Unit filename="/home/peer23peer/VSA/VisionSoilAnalyzer/src/VisionSoilAnalyzer/Vision/Conversion.cpp">
      </Unit>
      <Unit filename="/home/peer23peer/VSA/VisionSoilAnalyzer/src/VisionSoilAnalyzer/Vision/Enhance.cpp">
      </Unit>
      <Unit filename="/home/peer23peer/VSA/VisionSoilAnalyzer/src/VisionSoilAnalyzer/Vision/ImageProcessing.cpp">
      </Unit>
      <Unit filename="/home/peer23peer/VSA/VisionSoilAnalyzer/src/VisionSoilAnalyzer/Vision/MorphologicalFilter.cpp">
      </Unit>
      <Unit filename="/home/peer23peer/VSA/VisionSoilAnalyzer/src/VisionSoilAnalyzer/Vision/Segment.cpp">
      </Unit>
      <Unit filename="/home/peer23peer/VSA/VisionSoilAnalyzer/src/VisionSoilAnalyzer/Vision/Conversion.h">
      </Unit>
      <Unit filename="/home/peer23peer/VSA/VisionSoilAnalyzer/src/VisionSoilAnalyzer/Vision/Enhance.h">
      </Unit>
      <Unit filename="/home/peer23peer/VSA/VisionSoilAnalyzer/src/VisionSoilAnalyzer/Vision/ImageProcessing.h">
      </Unit>
      <Unit filename="/home/peer23peer/VSA/VisionSoilAnalyzer/src/VisionSoilAnalyzer/Vision/MorphologicalFilter.h">
      </Unit>
      <Unit filename="/home/peer23peer/VSA/VisionSoilAnalyzer/src/VisionSoilAnalyzer/Vision/Segment.h">
      </Unit>
      <Unit filename="/home/peer23peer/VSA/VisionSoilAnalyzer/src/VisionSoilAnalyzer/Vision/CMakeLists.txt">
          <Option virtualFolder="CMake Files\" />
      </Unit>
   </Project>
</CodeBlocks_project_file>
