<?xml version="1.0" encoding="utf-8"?>
<Project ToolsVersion="4.0" xmlns="http://schemas.microsoft.com/developer/msbuild/2003">
  <ItemGroup>
    <Filter Include="Source files">
      <UniqueIdentifier>{a5c6e9db-1303-4cfa-bf5e-c7fff66361c0}</UniqueIdentifier>
      <Extensions>cpp;c;cc;cxx;def;odl;idl;hpj;bat;asm;asmx</Extensions>
    </Filter>
    <Filter Include="Header files">
      <UniqueIdentifier>{e1df7bca-ed8c-4924-8e74-ed0b7936da9e}</UniqueIdentifier>
      <Extensions>h;hpp;hxx;hm;inl;inc;xsd</Extensions>
    </Filter>
    <Filter Include="Resource files">
      <UniqueIdentifier>{3e093e78-d069-41cb-bc05-fae5ddd738c1}</UniqueIdentifier>
      <Extensions>rc;ico;cur;bmp;dlg;rc2;rct;bin;rgs;gif;jpg;jpeg;jpe;resx;tiff;tif;png;wav</Extensions>
    </Filter>
    <Filter Include="CMake files">
      <UniqueIdentifier>{6c8bc0c5-9750-41cc-aff4-652619d64c89}</UniqueIdentifier>
    </Filter>
  </ItemGroup>
  <ItemGroup>
    <ClInclude Include="CommonOperations.h">
      <Filter>Header files</Filter>
    </ClInclude>
    <ClInclude Include="MathException.h">
      <Filter>Header files</Filter>
    </ClInclude>
    <ClInclude Include="SoilMath.h">
      <Filter>Header files</Filter>
    </ClInclude>
    <ClInclude Include="Sort.h">
      <Filter>Header files</Filter>
    </ClInclude>
    <ClInclude Include="Stats.h">
      <Filter>Header files</Filter>
    </ClInclude>
    <ClInclude Include="SoilMathTypes.h">
      <Filter>Header files</Filter>
    </ClInclude>
    <ClInclude Include="FFT.h">
      <Filter>Header files</Filter>
    </ClInclude>
    <ClInclude Include="NN.h">
      <Filter>Header files</Filter>
    </ClInclude>
    <ClInclude Include="GA.h">
      <Filter>Header files</Filter>
    </ClInclude>
  </ItemGroup>
  <ItemGroup>
    <ClCompile Include="FFT.cpp">
      <Filter>Source files</Filter>
    </ClCompile>
    <ClCompile Include="NN.cpp">
      <Filter>Source files</Filter>
    </ClCompile>
    <ClCompile Include="GA.cpp">
      <Filter>Source files</Filter>
    </ClCompile>
  </ItemGroup>
  <ItemGroup>
    <Text Include="CMakeLists.txt">
      <Filter>Source files</Filter>
    </Text>
  </ItemGroup>
  <ItemGroup>
    <None Include="toolchain-Clang_Debug_X64.cmake">
      <Filter>CMake files</Filter>
    </None>
  </ItemGroup>
</Project>