<?xml version="1.0" encoding="utf-8"?>
<Project ToolsVersion="4.0" xmlns="http://schemas.microsoft.com/developer/msbuild/2003">
  <ItemGroup>
    <Filter Include="Source files">
      <UniqueIdentifier>{eb6b3e7e-48df-4d00-b78c-f94426bf320a}</UniqueIdentifier>
      <Extensions>cpp;c;cc;cxx;def;odl;idl;hpj;bat;asm;asmx</Extensions>
    </Filter>
    <Filter Include="Header files">
      <UniqueIdentifier>{813777b2-5dee-4384-8b35-2b0cb9ba3c12}</UniqueIdentifier>
      <Extensions>h;hpp;hxx;hm;inl;inc;xsd</Extensions>
    </Filter>
    <Filter Include="Resource files">
      <UniqueIdentifier>{8d273914-0a76-4daf-87be-e6f3f6da6c83}</UniqueIdentifier>
      <Extensions>rc;ico;cur;bmp;dlg;rc2;rct;bin;rgs;gif;jpg;jpeg;jpe;resx;tiff;tif;png;wav</Extensions>
    </Filter>
  </ItemGroup>
  <ItemGroup>
    <ClCompile Include="ADC.cpp">
      <Filter>Source files</Filter>
    </ClCompile>
    <ClCompile Include="BBB.cpp">
      <Filter>Source files</Filter>
    </ClCompile>
    <ClCompile Include="EC12P.cpp">
      <Filter>Source files</Filter>
    </ClCompile>
    <ClCompile Include="eqep.cpp">
      <Filter>Source files</Filter>
    </ClCompile>
    <ClCompile Include="GPIO.cpp">
      <Filter>Source files</Filter>
    </ClCompile>
    <ClCompile Include="Microscope.cpp">
      <Filter>Source files</Filter>
    </ClCompile>
    <ClCompile Include="PWM.cpp">
      <Filter>Source files</Filter>
    </ClCompile>
    <ClCompile Include="SoilCape.cpp">
      <Filter>Source files</Filter>
    </ClCompile>
    <ClCompile Include="USB.cpp">
      <Filter>Source files</Filter>
    </ClCompile>
  </ItemGroup>
  <ItemGroup>
    <ClInclude Include="ADC.h">
      <Filter>Header files</Filter>
    </ClInclude>
    <ClInclude Include="ADCReadException.h">
      <Filter>Header files</Filter>
    </ClInclude>
    <ClInclude Include="BBB.h">
      <Filter>Header files</Filter>
    </ClInclude>
    <ClInclude Include="CouldNotGrabImageException.h">
      <Filter>Header files</Filter>
    </ClInclude>
    <ClInclude Include="EC12P.h">
      <Filter>Header files</Filter>
    </ClInclude>
    <ClInclude Include="eqep.h">
      <Filter>Header files</Filter>
    </ClInclude>
    <ClInclude Include="FailedToCreateGPIOPollingThreadException.h">
      <Filter>Header files</Filter>
    </ClInclude>
    <ClInclude Include="FailedToCreateThreadException.h">
      <Filter>Header files</Filter>
    </ClInclude>
    <ClInclude Include="GPIO.h">
      <Filter>Header files</Filter>
    </ClInclude>
    <ClInclude Include="GPIOReadException.h">
      <Filter>Header files</Filter>
    </ClInclude>
    <ClInclude Include="Hardware.h">
      <Filter>Header files</Filter>
    </ClInclude>
    <ClInclude Include="Microscope.h">
      <Filter>Header files</Filter>
    </ClInclude>
    <ClInclude Include="MicroscopeNotFoundException.h">
      <Filter>Header files</Filter>
    </ClInclude>
    <ClInclude Include="PWM.h">
      <Filter>Header files</Filter>
    </ClInclude>
    <ClInclude Include="SoilCape.h">
      <Filter>Header files</Filter>
    </ClInclude>
    <ClInclude Include="USB.h">
      <Filter>Header files</Filter>
    </ClInclude>
    <ClInclude Include="ValueOutOfBoundsException.h">
      <Filter>Header files</Filter>
    </ClInclude>
  </ItemGroup>
  <ItemGroup>
    <Text Include="CMakeLists.txt">
      <Filter>Source files</Filter>
    </Text>
  </ItemGroup>
</Project>