<?xml version="1.0" encoding="UTF-8" standalone="yes" ?>
<CodeBlocks_project_file>
   <FileVersion major="1" minor="6" />
   <Project>
      <Option title="VSA_UT" />
      <Option makefile_is_custom="1" />
      <Option compiler="gcc" />
      <Option virtualFolders="CMake Files\;" />
      <Build>
      <Target title="all">
         <Option working_dir="/home/peer23peer/VSA/VisionSoilAnalyzer/Tests/UnitTest/VSA_UT/VSA_UT/VSA_UT_build" />
         <Option type="4" />
         <MakeCommands>
            <Build command="/usr/bin/make -f &quot;/home/peer23peer/VSA/VisionSoilAnalyzer/Tests/UnitTest/VSA_UT/VSA_UT/VSA_UT_build/Makefile&quot;  VERBOSE=1 all" />
            <CompileFile command="/usr/bin/make -f &quot;/home/peer23peer/VSA/VisionSoilAnalyzer/Tests/UnitTest/VSA_UT/VSA_UT/VSA_UT_build/Makefile&quot;  VERBOSE=1 &quot;$file&quot;" />
            <Clean command="/usr/bin/make -f &quot;/home/peer23peer/VSA/VisionSoilAnalyzer/Tests/UnitTest/VSA_UT/VSA_UT/VSA_UT_build/Makefile&quot;  VERBOSE=1 clean" />
            <DistClean command="/usr/bin/make -f &quot;/home/peer23peer/VSA/VisionSoilAnalyzer/Tests/UnitTest/VSA_UT/VSA_UT/VSA_UT_build/Makefile&quot;  VERBOSE=1 clean" />
         </MakeCommands>
      </Target>
      <Target title="VSA_UT">
         <Option output="/home/peer23peer/VSA/VisionSoilAnalyzer/Tests/UnitTest/VSA_UT/VSA_UT/VSA_UT_build/VSA_UT" prefix_auto="0" extension_auto="0" />
         <Option working_dir="/home/peer23peer/VSA/VisionSoilAnalyzer/Tests/UnitTest/VSA_UT/VSA_UT/VSA_UT_build" />
         <Option object_output="./" />
         <Option type="1" />
         <Option compiler="gcc" />
         <Compiler>
            <Add option="-DBOOST_TEST_DYN_LINK" />
            <Add option="-DDEBUG" />
            <Add directory="/usr/include" />
            <Add directory="/usr/include/boost" />
            <Add directory="/usr/include/c++/4.8" />
            <Add directory="/usr/include/c++/4.8/backward" />
            <Add directory="/usr/include/x86_64-linux-gnu" />
            <Add directory="/usr/include/x86_64-linux-gnu/c++/4.8" />
            <Add directory="/usr/lib/gcc/x86_64-linux-gnu/4.8/include" />
            <Add directory="/usr/lib/gcc/x86_64-linux-gnu/4.8/include-fixed" />
            <Add directory="/usr/local/include" />
            <Add directory="/usr/local/include/opencv" />
         </Compiler>
         <MakeCommands>
            <Build command="/usr/bin/make -f &quot;/home/peer23peer/VSA/VisionSoilAnalyzer/Tests/UnitTest/VSA_UT/VSA_UT/VSA_UT_build/Makefile&quot;  VERBOSE=1 VSA_UT" />
            <CompileFile command="/usr/bin/make -f &quot;/home/peer23peer/VSA/VisionSoilAnalyzer/Tests/UnitTest/VSA_UT/VSA_UT/VSA_UT_build/Makefile&quot;  VERBOSE=1 &quot;$file&quot;" />
            <Clean command="/usr/bin/make -f &quot;/home/peer23peer/VSA/VisionSoilAnalyzer/Tests/UnitTest/VSA_UT/VSA_UT/VSA_UT_build/Makefile&quot;  VERBOSE=1 clean" />
            <DistClean command="/usr/bin/make -f &quot;/home/peer23peer/VSA/VisionSoilAnalyzer/Tests/UnitTest/VSA_UT/VSA_UT/VSA_UT_build/Makefile&quot;  VERBOSE=1 clean" />
         </MakeCommands>
      </Target>
      <Target title="VSA_UT/fast">
         <Option output="/home/peer23peer/VSA/VisionSoilAnalyzer/Tests/UnitTest/VSA_UT/VSA_UT/VSA_UT_build/VSA_UT" prefix_auto="0" extension_auto="0" />
         <Option working_dir="/home/peer23peer/VSA/VisionSoilAnalyzer/Tests/UnitTest/VSA_UT/VSA_UT/VSA_UT_build" />
         <Option object_output="./" />
         <Option type="1" />
         <Option compiler="gcc" />
         <Compiler>
            <Add option="-DBOOST_TEST_DYN_LINK" />
            <Add option="-DDEBUG" />
            <Add directory="/usr/include" />
            <Add directory="/usr/include/boost" />
            <Add directory="/usr/include/c++/4.8" />
            <Add directory="/usr/include/c++/4.8/backward" />
            <Add directory="/usr/include/x86_64-linux-gnu" />
            <Add directory="/usr/include/x86_64-linux-gnu/c++/4.8" />
            <Add directory="/usr/lib/gcc/x86_64-linux-gnu/4.8/include" />
            <Add directory="/usr/lib/gcc/x86_64-linux-gnu/4.8/include-fixed" />
            <Add directory="/usr/local/include" />
            <Add directory="/usr/local/include/opencv" />
         </Compiler>
         <MakeCommands>
            <Build command="/usr/bin/make -f &quot;/home/peer23peer/VSA/VisionSoilAnalyzer/Tests/UnitTest/VSA_UT/VSA_UT/VSA_UT_build/Makefile&quot;  VERBOSE=1 VSA_UT/fast" />
            <CompileFile command="/usr/bin/make -f &quot;/home/peer23peer/VSA/VisionSoilAnalyzer/Tests/UnitTest/VSA_UT/VSA_UT/VSA_UT_build/Makefile&quot;  VERBOSE=1 &quot;$file&quot;" />
            <Clean command="/usr/bin/make -f &quot;/home/peer23peer/VSA/VisionSoilAnalyzer/Tests/UnitTest/VSA_UT/VSA_UT/VSA_UT_build/Makefile&quot;  VERBOSE=1 clean" />
            <DistClean command="/usr/bin/make -f &quot;/home/peer23peer/VSA/VisionSoilAnalyzer/Tests/UnitTest/VSA_UT/VSA_UT/VSA_UT_build/Makefile&quot;  VERBOSE=1 clean" />
         </MakeCommands>
      </Target>
      <Target title="rebuild_cache">
         <Option working_dir="/home/peer23peer/VSA/VisionSoilAnalyzer/Tests/UnitTest/VSA_UT/VSA_UT/VSA_UT_build" />
         <Option type="4" />
         <MakeCommands>
            <Build command="/usr/bin/make -f &quot;/home/peer23peer/VSA/VisionSoilAnalyzer/Tests/UnitTest/VSA_UT/VSA_UT/VSA_UT_build/Makefile&quot;  VERBOSE=1 rebuild_cache" />
            <CompileFile command="/usr/bin/make -f &quot;/home/peer23peer/VSA/VisionSoilAnalyzer/Tests/UnitTest/VSA_UT/VSA_UT/VSA_UT_build/Makefile&quot;  VERBOSE=1 &quot;$file&quot;" />
            <Clean command="/usr/bin/make -f &quot;/home/peer23peer/VSA/VisionSoilAnalyzer/Tests/UnitTest/VSA_UT/VSA_UT/VSA_UT_build/Makefile&quot;  VERBOSE=1 clean" />
            <DistClean command="/usr/bin/make -f &quot;/home/peer23peer/VSA/VisionSoilAnalyzer/Tests/UnitTest/VSA_UT/VSA_UT/VSA_UT_build/Makefile&quot;  VERBOSE=1 clean" />
         </MakeCommands>
      </Target>
      </Build>
      <Unit filename="/home/peer23peer/VSA/VisionSoilAnalyzer/Tests/UnitTest/VSA_UT/VSA_UT/VSA_UT.cpp">
      </Unit>
      <Unit filename="/home/peer23peer/VSA/VisionSoilAnalyzer/Tests/UnitTest/VSA_UT/VSA_UT/CMakeLists.txt">
          <Option virtualFolder="CMake Files\" />
      </Unit>
   </Project>
</CodeBlocks_project_file>
