
Microsoft Visual Studio Solution File, Format Version 12.00
# Visual Studio 2013
VisualStudioVersion = 12.0.31101.0
MinimumVisualStudioVersion = 10.0.40219.1
Project("{8BC9CEB8-8B4A-11D0-8D11-00A0C91BC942}") = "SoilMath", "SoilMath\SoilMath.vcxproj", "{67EFE1EA-DD56-4EFC-863E-F9637393F160}"
EndProject
Project("{8BC9CEB8-8B4A-11D0-8D11-00A0C91BC942}") = "SoilShell", "SoilShell\SoilShell.vcxproj", "{B25378BA-C04D-4343-A81F-67D17B2FCFBE}"
	ProjectSection(ProjectDependencies) = postProject
		{BA62F399-AD92-4B6B-99EC-DDC785FF70BD} = {BA62F399-AD92-4B6B-99EC-DDC785FF70BD}
	EndProjectSection
EndProject
Project("{8BC9CEB8-8B4A-11D0-8D11-00A0C91BC942}") = "Vision", "Vision\Vision.vcxproj", "{BA62F399-AD92-4B6B-99EC-DDC785FF70BD}"
	ProjectSection(ProjectDependencies) = postProject
		{67EFE1EA-DD56-4EFC-863E-F9637393F160} = {67EFE1EA-DD56-4EFC-863E-F9637393F160}
	EndProjectSection
EndProject
Project("{8BC9CEB8-8B4A-11D0-8D11-00A0C91BC942}") = "Hardware", "Hardware\Hardware.vcxproj", "{F659EC64-6260-462B-B2C9-DB1E432CF818}"
EndProject
Project("{8BC9CEB8-8B4A-11D0-8D11-00A0C91BC942}") = "Soil", "Soil\Soil.vcxproj", "{93B69D9F-5689-4B43-BB14-A2EDE5B890BB}"
EndProject
Global
	GlobalSection(SolutionConfigurationPlatforms) = preSolution
		Debug|Win32 = Debug|Win32
		Release|Win32 = Release|Win32
	EndGlobalSection
	GlobalSection(ProjectConfigurationPlatforms) = postSolution
		{67EFE1EA-DD56-4EFC-863E-F9637393F160}.Debug|Win32.ActiveCfg = Debug|Win32
		{67EFE1EA-DD56-4EFC-863E-F9637393F160}.Debug|Win32.Build.0 = Debug|Win32
		{67EFE1EA-DD56-4EFC-863E-F9637393F160}.Release|Win32.ActiveCfg = Release|Win32
		{67EFE1EA-DD56-4EFC-863E-F9637393F160}.Release|Win32.Build.0 = Release|Win32
		{B25378BA-C04D-4343-A81F-67D17B2FCFBE}.Debug|Win32.ActiveCfg = Debug|Win32
		{B25378BA-C04D-4343-A81F-67D17B2FCFBE}.Debug|Win32.Build.0 = Debug|Win32
		{B25378BA-C04D-4343-A81F-67D17B2FCFBE}.Release|Win32.ActiveCfg = Release|Win32
		{B25378BA-C04D-4343-A81F-67D17B2FCFBE}.Release|Win32.Build.0 = Release|Win32
		{BA62F399-AD92-4B6B-99EC-DDC785FF70BD}.Debug|Win32.ActiveCfg = Debug|Win32
		{BA62F399-AD92-4B6B-99EC-DDC785FF70BD}.Debug|Win32.Build.0 = Debug|Win32
		{BA62F399-AD92-4B6B-99EC-DDC785FF70BD}.Release|Win32.ActiveCfg = Release|Win32
		{BA62F399-AD92-4B6B-99EC-DDC785FF70BD}.Release|Win32.Build.0 = Release|Win32
		{F659EC64-6260-462B-B2C9-DB1E432CF818}.Debug|Win32.ActiveCfg = Debug|Win32
		{F659EC64-6260-462B-B2C9-DB1E432CF818}.Debug|Win32.Build.0 = Debug|Win32
		{F659EC64-6260-462B-B2C9-DB1E432CF818}.Release|Win32.ActiveCfg = Release|Win32
		{F659EC64-6260-462B-B2C9-DB1E432CF818}.Release|Win32.Build.0 = Release|Win32
		{93B69D9F-5689-4B43-BB14-A2EDE5B890BB}.Debug|Win32.ActiveCfg = Debug|Win32
		{93B69D9F-5689-4B43-BB14-A2EDE5B890BB}.Debug|Win32.Build.0 = Debug|Win32
		{93B69D9F-5689-4B43-BB14-A2EDE5B890BB}.Release|Win32.ActiveCfg = Release|Win32
		{93B69D9F-5689-4B43-BB14-A2EDE5B890BB}.Release|Win32.Build.0 = Release|Win32
	EndGlobalSection
	GlobalSection(SolutionProperties) = preSolution
		HideSolutionNode = FALSE
	EndGlobalSection
EndGlobal
