<?xml version="1.0" encoding="UTF-8" standalone="yes" ?>
<CodeBlocks_project_file>
   <FileVersion major="1" minor="6" />
   <Project>
      <Option title="SoilMath" />
      <Option makefile_is_custom="1" />
      <Option compiler="gcc" />
      <Option virtualFolders="CMake Files\;" />
      <Build>
      <Target title="all">
         <Option working_dir="/home/peer23peer/VSA/VisionSoilAnalyzer/src/VisionSoilAnalyzer/SoilMath/SoilMath_build" />
         <Option type="4" />
         <MakeCommands>
            <Build command="/usr/bin/make -f &quot;/home/peer23peer/VSA/VisionSoilAnalyzer/src/VisionSoilAnalyzer/SoilMath/SoilMath_build/Makefile&quot;  VERBOSE=1 all" />
            <CompileFile command="/usr/bin/make -f &quot;/home/peer23peer/VSA/VisionSoilAnalyzer/src/VisionSoilAnalyzer/SoilMath/SoilMath_build/Makefile&quot;  VERBOSE=1 &quot;$file&quot;" />
            <Clean command="/usr/bin/make -f &quot;/home/peer23peer/VSA/VisionSoilAnalyzer/src/VisionSoilAnalyzer/SoilMath/SoilMath_build/Makefile&quot;  VERBOSE=1 clean" />
            <DistClean command="/usr/bin/make -f &quot;/home/peer23peer/VSA/VisionSoilAnalyzer/src/VisionSoilAnalyzer/SoilMath/SoilMath_build/Makefile&quot;  VERBOSE=1 clean" />
         </MakeCommands>
      </Target>
      <Target title="SoilMath">
         <Option output="/home/peer23peer/VSA/VisionSoilAnalyzer/src/VisionSoilAnalyzer/SoilMath/SoilMath_build/libSoilMath.so" prefix_auto="0" extension_auto="0" />
         <Option working_dir="/home/peer23peer/VSA/VisionSoilAnalyzer/src/VisionSoilAnalyzer/SoilMath/SoilMath_build" />
         <Option object_output="./" />
         <Option type="3" />
         <Option compiler="gcc" />
         <Compiler>
            <Add directory="/usr/include" />
            <Add directory="/usr/include/boost" />
            <Add directory="/usr/include/c++/4.8" />
            <Add directory="/usr/include/c++/4.8/backward" />
            <Add directory="/usr/include/x86_64-linux-gnu" />
            <Add directory="/usr/include/x86_64-linux-gnu/c++/4.8" />
            <Add directory="/usr/lib/gcc/x86_64-linux-gnu/4.8/include" />
            <Add directory="/usr/lib/gcc/x86_64-linux-gnu/4.8/include-fixed" />
            <Add directory="/usr/local/include" />
            <Add directory="/usr/local/include/opencv" />
         </Compiler>
         <MakeCommands>
            <Build command="/usr/bin/make -f &quot;/home/peer23peer/VSA/VisionSoilAnalyzer/src/VisionSoilAnalyzer/SoilMath/SoilMath_build/Makefile&quot;  VERBOSE=1 SoilMath" />
            <CompileFile command="/usr/bin/make -f &quot;/home/peer23peer/VSA/VisionSoilAnalyzer/src/VisionSoilAnalyzer/SoilMath/SoilMath_build/Makefile&quot;  VERBOSE=1 &quot;$file&quot;" />
            <Clean command="/usr/bin/make -f &quot;/home/peer23peer/VSA/VisionSoilAnalyzer/src/VisionSoilAnalyzer/SoilMath/SoilMath_build/Makefile&quot;  VERBOSE=1 clean" />
            <DistClean command="/usr/bin/make -f &quot;/home/peer23peer/VSA/VisionSoilAnalyzer/src/VisionSoilAnalyzer/SoilMath/SoilMath_build/Makefile&quot;  VERBOSE=1 clean" />
         </MakeCommands>
      </Target>
      <Target title="SoilMath/fast">
         <Option output="/home/peer23peer/VSA/VisionSoilAnalyzer/src/VisionSoilAnalyzer/SoilMath/SoilMath_build/libSoilMath.so" prefix_auto="0" extension_auto="0" />
         <Option working_dir="/home/peer23peer/VSA/VisionSoilAnalyzer/src/VisionSoilAnalyzer/SoilMath/SoilMath_build" />
         <Option object_output="./" />
         <Option type="3" />
         <Option compiler="gcc" />
         <Compiler>
            <Add directory="/usr/include" />
            <Add directory="/usr/include/boost" />
            <Add directory="/usr/include/c++/4.8" />
            <Add directory="/usr/include/c++/4.8/backward" />
            <Add directory="/usr/include/x86_64-linux-gnu" />
            <Add directory="/usr/include/x86_64-linux-gnu/c++/4.8" />
            <Add directory="/usr/lib/gcc/x86_64-linux-gnu/4.8/include" />
            <Add directory="/usr/lib/gcc/x86_64-linux-gnu/4.8/include-fixed" />
            <Add directory="/usr/local/include" />
            <Add directory="/usr/local/include/opencv" />
         </Compiler>
         <MakeCommands>
            <Build command="/usr/bin/make -f &quot;/home/peer23peer/VSA/VisionSoilAnalyzer/src/VisionSoilAnalyzer/SoilMath/SoilMath_build/Makefile&quot;  VERBOSE=1 SoilMath/fast" />
            <CompileFile command="/usr/bin/make -f &quot;/home/peer23peer/VSA/VisionSoilAnalyzer/src/VisionSoilAnalyzer/SoilMath/SoilMath_build/Makefile&quot;  VERBOSE=1 &quot;$file&quot;" />
            <Clean command="/usr/bin/make -f &quot;/home/peer23peer/VSA/VisionSoilAnalyzer/src/VisionSoilAnalyzer/SoilMath/SoilMath_build/Makefile&quot;  VERBOSE=1 clean" />
            <DistClean command="/usr/bin/make -f &quot;/home/peer23peer/VSA/VisionSoilAnalyzer/src/VisionSoilAnalyzer/SoilMath/SoilMath_build/Makefile&quot;  VERBOSE=1 clean" />
         </MakeCommands>
      </Target>
      <Target title="rebuild_cache">
         <Option working_dir="/home/peer23peer/VSA/VisionSoilAnalyzer/src/VisionSoilAnalyzer/SoilMath/SoilMath_build" />
         <Option type="4" />
         <MakeCommands>
            <Build command="/usr/bin/make -f &quot;/home/peer23peer/VSA/VisionSoilAnalyzer/src/VisionSoilAnalyzer/SoilMath/SoilMath_build/Makefile&quot;  VERBOSE=1 rebuild_cache" />
            <CompileFile command="/usr/bin/make -f &quot;/home/peer23peer/VSA/VisionSoilAnalyzer/src/VisionSoilAnalyzer/SoilMath/SoilMath_build/Makefile&quot;  VERBOSE=1 &quot;$file&quot;" />
            <Clean command="/usr/bin/make -f &quot;/home/peer23peer/VSA/VisionSoilAnalyzer/src/VisionSoilAnalyzer/SoilMath/SoilMath_build/Makefile&quot;  VERBOSE=1 clean" />
            <DistClean command="/usr/bin/make -f &quot;/home/peer23peer/VSA/VisionSoilAnalyzer/src/VisionSoilAnalyzer/SoilMath/SoilMath_build/Makefile&quot;  VERBOSE=1 clean" />
         </MakeCommands>
      </Target>
      </Build>
      <Unit filename="/home/peer23peer/VSA/VisionSoilAnalyzer/src/VisionSoilAnalyzer/SoilMath/FFT.cpp">
      </Unit>
      <Unit filename="/home/peer23peer/VSA/VisionSoilAnalyzer/src/VisionSoilAnalyzer/SoilMath/GA.cpp">
      </Unit>
      <Unit filename="/home/peer23peer/VSA/VisionSoilAnalyzer/src/VisionSoilAnalyzer/SoilMath/NN.cpp">
      </Unit>
      <Unit filename="/home/peer23peer/VSA/VisionSoilAnalyzer/src/VisionSoilAnalyzer/SoilMath/FFT.h">
      </Unit>
      <Unit filename="/home/peer23peer/VSA/VisionSoilAnalyzer/src/VisionSoilAnalyzer/SoilMath/GA.h">
      </Unit>
      <Unit filename="/home/peer23peer/VSA/VisionSoilAnalyzer/src/VisionSoilAnalyzer/SoilMath/NN.h">
      </Unit>
      <Unit filename="/home/peer23peer/VSA/VisionSoilAnalyzer/src/VisionSoilAnalyzer/SoilMath/SoilMath.h">
      </Unit>
      <Unit filename="/home/peer23peer/VSA/VisionSoilAnalyzer/src/VisionSoilAnalyzer/SoilMath/Sort.h">
      </Unit>
      <Unit filename="/home/peer23peer/VSA/VisionSoilAnalyzer/src/VisionSoilAnalyzer/SoilMath/Stats.h">
      </Unit>
      <Unit filename="/home/peer23peer/VSA/VisionSoilAnalyzer/src/VisionSoilAnalyzer/SoilMath/CMakeLists.txt">
          <Option virtualFolder="CMake Files\" />
      </Unit>
   </Project>
</CodeBlocks_project_file>
