<?xml version="1.0" encoding="UTF-8" standalone="yes" ?>
<CodeBlocks_project_file>
   <FileVersion major="1" minor="6" />
   <Project>
      <Option title="Soil" />
      <Option makefile_is_custom="1" />
      <Option compiler="gcc" />
      <Option virtualFolders="CMake Files\;" />
      <Build>
      <Target title="all">
         <Option working_dir="/home/peer23peer/VSA/VisionSoilAnalyzer/src/VisionSoilAnalyzer/Soil/Soil_build" />
         <Option type="4" />
         <MakeCommands>
            <Build command="/usr/bin/make -f &quot;/home/peer23peer/VSA/VisionSoilAnalyzer/src/VisionSoilAnalyzer/Soil/Soil_build/Makefile&quot;  VERBOSE=1 all" />
            <CompileFile command="/usr/bin/make -f &quot;/home/peer23peer/VSA/VisionSoilAnalyzer/src/VisionSoilAnalyzer/Soil/Soil_build/Makefile&quot;  VERBOSE=1 &quot;$file&quot;" />
            <Clean command="/usr/bin/make -f &quot;/home/peer23peer/VSA/VisionSoilAnalyzer/src/VisionSoilAnalyzer/Soil/Soil_build/Makefile&quot;  VERBOSE=1 clean" />
            <DistClean command="/usr/bin/make -f &quot;/home/peer23peer/VSA/VisionSoilAnalyzer/src/VisionSoilAnalyzer/Soil/Soil_build/Makefile&quot;  VERBOSE=1 clean" />
         </MakeCommands>
      </Target>
      <Target title="Soil">
         <Option output="/home/peer23peer/VSA/VisionSoilAnalyzer/src/VisionSoilAnalyzer/Soil/Soil_build/libSoil.so" prefix_auto="0" extension_auto="0" />
         <Option working_dir="/home/peer23peer/VSA/VisionSoilAnalyzer/src/VisionSoilAnalyzer/Soil/Soil_build" />
         <Option object_output="./" />
         <Option type="3" />
         <Option compiler="gcc" />
         <Compiler>
            <Add directory="/usr/include" />
            <Add directory="/usr/include/boost" />
            <Add directory="/usr/include/c++/4.8" />
            <Add directory="/usr/include/c++/4.8/backward" />
            <Add directory="/usr/include/x86_64-linux-gnu" />
            <Add directory="/usr/include/x86_64-linux-gnu/c++/4.8" />
            <Add directory="/usr/lib/gcc/x86_64-linux-gnu/4.8/include" />
            <Add directory="/usr/lib/gcc/x86_64-linux-gnu/4.8/include-fixed" />
            <Add directory="/usr/local/include" />
            <Add directory="/usr/local/include/opencv" />
         </Compiler>
         <MakeCommands>
            <Build command="/usr/bin/make -f &quot;/home/peer23peer/VSA/VisionSoilAnalyzer/src/VisionSoilAnalyzer/Soil/Soil_build/Makefile&quot;  VERBOSE=1 Soil" />
            <CompileFile command="/usr/bin/make -f &quot;/home/peer23peer/VSA/VisionSoilAnalyzer/src/VisionSoilAnalyzer/Soil/Soil_build/Makefile&quot;  VERBOSE=1 &quot;$file&quot;" />
            <Clean command="/usr/bin/make -f &quot;/home/peer23peer/VSA/VisionSoilAnalyzer/src/VisionSoilAnalyzer/Soil/Soil_build/Makefile&quot;  VERBOSE=1 clean" />
            <DistClean command="/usr/bin/make -f &quot;/home/peer23peer/VSA/VisionSoilAnalyzer/src/VisionSoilAnalyzer/Soil/Soil_build/Makefile&quot;  VERBOSE=1 clean" />
         </MakeCommands>
      </Target>
      <Target title="Soil/fast">
         <Option output="/home/peer23peer/VSA/VisionSoilAnalyzer/src/VisionSoilAnalyzer/Soil/Soil_build/libSoil.so" prefix_auto="0" extension_auto="0" />
         <Option working_dir="/home/peer23peer/VSA/VisionSoilAnalyzer/src/VisionSoilAnalyzer/Soil/Soil_build" />
         <Option object_output="./" />
         <Option type="3" />
         <Option compiler="gcc" />
         <Compiler>
            <Add directory="/usr/include" />
            <Add directory="/usr/include/boost" />
            <Add directory="/usr/include/c++/4.8" />
            <Add directory="/usr/include/c++/4.8/backward" />
            <Add directory="/usr/include/x86_64-linux-gnu" />
            <Add directory="/usr/include/x86_64-linux-gnu/c++/4.8" />
            <Add directory="/usr/lib/gcc/x86_64-linux-gnu/4.8/include" />
            <Add directory="/usr/lib/gcc/x86_64-linux-gnu/4.8/include-fixed" />
            <Add directory="/usr/local/include" />
            <Add directory="/usr/local/include/opencv" />
         </Compiler>
         <MakeCommands>
            <Build command="/usr/bin/make -f &quot;/home/peer23peer/VSA/VisionSoilAnalyzer/src/VisionSoilAnalyzer/Soil/Soil_build/Makefile&quot;  VERBOSE=1 Soil/fast" />
            <CompileFile command="/usr/bin/make -f &quot;/home/peer23peer/VSA/VisionSoilAnalyzer/src/VisionSoilAnalyzer/Soil/Soil_build/Makefile&quot;  VERBOSE=1 &quot;$file&quot;" />
            <Clean command="/usr/bin/make -f &quot;/home/peer23peer/VSA/VisionSoilAnalyzer/src/VisionSoilAnalyzer/Soil/Soil_build/Makefile&quot;  VERBOSE=1 clean" />
            <DistClean command="/usr/bin/make -f &quot;/home/peer23peer/VSA/VisionSoilAnalyzer/src/VisionSoilAnalyzer/Soil/Soil_build/Makefile&quot;  VERBOSE=1 clean" />
         </MakeCommands>
      </Target>
      <Target title="rebuild_cache">
         <Option working_dir="/home/peer23peer/VSA/VisionSoilAnalyzer/src/VisionSoilAnalyzer/Soil/Soil_build" />
         <Option type="4" />
         <MakeCommands>
            <Build command="/usr/bin/make -f &quot;/home/peer23peer/VSA/VisionSoilAnalyzer/src/VisionSoilAnalyzer/Soil/Soil_build/Makefile&quot;  VERBOSE=1 rebuild_cache" />
            <CompileFile command="/usr/bin/make -f &quot;/home/peer23peer/VSA/VisionSoilAnalyzer/src/VisionSoilAnalyzer/Soil/Soil_build/Makefile&quot;  VERBOSE=1 &quot;$file&quot;" />
            <Clean command="/usr/bin/make -f &quot;/home/peer23peer/VSA/VisionSoilAnalyzer/src/VisionSoilAnalyzer/Soil/Soil_build/Makefile&quot;  VERBOSE=1 clean" />
            <DistClean command="/usr/bin/make -f &quot;/home/peer23peer/VSA/VisionSoilAnalyzer/src/VisionSoilAnalyzer/Soil/Soil_build/Makefile&quot;  VERBOSE=1 clean" />
         </MakeCommands>
      </Target>
      </Build>
      <Unit filename="/home/peer23peer/VSA/VisionSoilAnalyzer/src/VisionSoilAnalyzer/Soil/AnalysisResults.cpp">
      </Unit>
      <Unit filename="/home/peer23peer/VSA/VisionSoilAnalyzer/src/VisionSoilAnalyzer/Soil/Particle.cpp">
      </Unit>
      <Unit filename="/home/peer23peer/VSA/VisionSoilAnalyzer/src/VisionSoilAnalyzer/Soil/ParticleAnalysisResults.cpp">
      </Unit>
      <Unit filename="/home/peer23peer/VSA/VisionSoilAnalyzer/src/VisionSoilAnalyzer/Soil/Sample.cpp">
      </Unit>
      <Unit filename="/home/peer23peer/VSA/VisionSoilAnalyzer/src/VisionSoilAnalyzer/Soil/SampleAnalysisResult.cpp">
      </Unit>
      <Unit filename="/home/peer23peer/VSA/VisionSoilAnalyzer/src/VisionSoilAnalyzer/Soil/ShapeClassification.cpp">
      </Unit>
      <Unit filename="/home/peer23peer/VSA/VisionSoilAnalyzer/src/VisionSoilAnalyzer/Soil/Soil.cpp">
      </Unit>
      <Unit filename="/home/peer23peer/VSA/VisionSoilAnalyzer/src/VisionSoilAnalyzer/Soil/AnalysisResults.h">
      </Unit>
      <Unit filename="/home/peer23peer/VSA/VisionSoilAnalyzer/src/VisionSoilAnalyzer/Soil/Particle.h">
      </Unit>
      <Unit filename="/home/peer23peer/VSA/VisionSoilAnalyzer/src/VisionSoilAnalyzer/Soil/ParticleAnalysisResults.h">
      </Unit>
      <Unit filename="/home/peer23peer/VSA/VisionSoilAnalyzer/src/VisionSoilAnalyzer/Soil/Sample.h">
      </Unit>
      <Unit filename="/home/peer23peer/VSA/VisionSoilAnalyzer/src/VisionSoilAnalyzer/Soil/SampleAnalysisResult.h">
      </Unit>
      <Unit filename="/home/peer23peer/VSA/VisionSoilAnalyzer/src/VisionSoilAnalyzer/Soil/ShapeClassification.h">
      </Unit>
      <Unit filename="/home/peer23peer/VSA/VisionSoilAnalyzer/src/VisionSoilAnalyzer/Soil/Soil.h">
      </Unit>
      <Unit filename="/home/peer23peer/VSA/VisionSoilAnalyzer/src/VisionSoilAnalyzer/Soil/CMakeLists.txt">
          <Option virtualFolder="CMake Files\" />
      </Unit>
   </Project>
</CodeBlocks_project_file>
