
Microsoft Visual Studio Solution File, Format Version 12.00
# Visual Studio 2013
VisualStudioVersion = 12.0.31101.0
MinimumVisualStudioVersion = 10.0.40219.1
Project("{8BC9CEB8-8B4A-11D0-8D11-00A0C91BC942}") = "VSA_UT", "VSA_UT\VSA_UT.vcxproj", "{6B455234-A8D8-4CAC-A473-6E8E1B553B01}"
	ProjectSection(ProjectDependencies) = postProject
		{93B69D9F-5689-4B43-BB14-A2EDE5B890BB} = {93B69D9F-5689-4B43-BB14-A2EDE5B890BB}
		{67EFE1EA-DD56-4EFC-863E-F9637393F160} = {67EFE1EA-DD56-4EFC-863E-F9637393F160}
	EndProjectSection
EndProject
Project("{8BC9CEB8-8B4A-11D0-8D11-00A0C91BC942}") = "SoilMath", "..\..\..\src\VisionSoilAnalyzer\SoilMath\SoilMath.vcxproj", "{67EFE1EA-DD56-4EFC-863E-F9637393F160}"
EndProject
Project("{8BC9CEB8-8B4A-11D0-8D11-00A0C91BC942}") = "Soil", "..\..\..\src\VisionSoilAnalyzer\Soil\Soil.vcxproj", "{93B69D9F-5689-4B43-BB14-A2EDE5B890BB}"
	ProjectSection(ProjectDependencies) = postProject
		{67EFE1EA-DD56-4EFC-863E-F9637393F160} = {67EFE1EA-DD56-4EFC-863E-F9637393F160}
	EndProjectSection
EndProject
Project("{8BC9CEB8-8B4A-11D0-8D11-00A0C91BC942}") = "Test_SoilMath", "Y:\Tests\Test_SoilMath\Test_SoilMath.vcxproj", "{2425E98C-4FF2-4C6C-87D3-4333DF00A833}"
	ProjectSection(ProjectDependencies) = postProject
		{67EFE1EA-DD56-4EFC-863E-F9637393F160} = {67EFE1EA-DD56-4EFC-863E-F9637393F160}
	EndProjectSection
EndProject
Global
	GlobalSection(SolutionConfigurationPlatforms) = preSolution
		Debug_BBB|Win32 = Debug_BBB|Win32
		Debug|Win32 = Debug|Win32
		Release|Win32 = Release|Win32
	EndGlobalSection
	GlobalSection(ProjectConfigurationPlatforms) = postSolution
		{6B455234-A8D8-4CAC-A473-6E8E1B553B01}.Debug_BBB|Win32.ActiveCfg = Debug|Win32
		{6B455234-A8D8-4CAC-A473-6E8E1B553B01}.Debug_BBB|Win32.Build.0 = Debug|Win32
		{6B455234-A8D8-4CAC-A473-6E8E1B553B01}.Debug|Win32.ActiveCfg = Debug|Win32
		{6B455234-A8D8-4CAC-A473-6E8E1B553B01}.Debug|Win32.Build.0 = Debug|Win32
		{6B455234-A8D8-4CAC-A473-6E8E1B553B01}.Release|Win32.ActiveCfg = Release|Win32
		{6B455234-A8D8-4CAC-A473-6E8E1B553B01}.Release|Win32.Build.0 = Release|Win32
		{67EFE1EA-DD56-4EFC-863E-F9637393F160}.Debug_BBB|Win32.ActiveCfg = Debug_BBB|Win32
		{67EFE1EA-DD56-4EFC-863E-F9637393F160}.Debug_BBB|Win32.Build.0 = Debug_BBB|Win32
		{67EFE1EA-DD56-4EFC-863E-F9637393F160}.Debug|Win32.ActiveCfg = Debug|Win32
		{67EFE1EA-DD56-4EFC-863E-F9637393F160}.Debug|Win32.Build.0 = Debug|Win32
		{67EFE1EA-DD56-4EFC-863E-F9637393F160}.Release|Win32.ActiveCfg = Release|Win32
		{67EFE1EA-DD56-4EFC-863E-F9637393F160}.Release|Win32.Build.0 = Release|Win32
		{93B69D9F-5689-4B43-BB14-A2EDE5B890BB}.Debug_BBB|Win32.ActiveCfg = Debug_BBB|Win32
		{93B69D9F-5689-4B43-BB14-A2EDE5B890BB}.Debug_BBB|Win32.Build.0 = Debug_BBB|Win32
		{93B69D9F-5689-4B43-BB14-A2EDE5B890BB}.Debug|Win32.ActiveCfg = Debug|Win32
		{93B69D9F-5689-4B43-BB14-A2EDE5B890BB}.Debug|Win32.Build.0 = Debug|Win32
		{93B69D9F-5689-4B43-BB14-A2EDE5B890BB}.Release|Win32.ActiveCfg = Release|Win32
		{93B69D9F-5689-4B43-BB14-A2EDE5B890BB}.Release|Win32.Build.0 = Release|Win32
		{2425E98C-4FF2-4C6C-87D3-4333DF00A833}.Debug_BBB|Win32.ActiveCfg = Debug_BBB|Win32
		{2425E98C-4FF2-4C6C-87D3-4333DF00A833}.Debug_BBB|Win32.Build.0 = Debug_BBB|Win32
		{2425E98C-4FF2-4C6C-87D3-4333DF00A833}.Debug|Win32.ActiveCfg = Debug|Win32
		{2425E98C-4FF2-4C6C-87D3-4333DF00A833}.Debug|Win32.Build.0 = Debug|Win32
		{2425E98C-4FF2-4C6C-87D3-4333DF00A833}.Release|Win32.ActiveCfg = Release|Win32
		{2425E98C-4FF2-4C6C-87D3-4333DF00A833}.Release|Win32.Build.0 = Release|Win32
	EndGlobalSection
	GlobalSection(SolutionProperties) = preSolution
		HideSolutionNode = FALSE
	EndGlobalSection
EndGlobal
